
Microsoft Visual Studio Solution File, Format Version 12.00
# Visual Studio 14
VisualStudioVersion = 14.0.25420.1
MinimumVisualStudioVersion = 10.0.40219.1
Project("{FAE04EC0-301F-11D3-BF4B-00C04F79EFBC}") = "vmasTest", "工位0916\Detect\vmasTest.csproj", "{945E7829-A243-4F7E-9954-DB5A9E9AFC48}"
EndProject
Project("{FAE04EC0-301F-11D3-BF4B-00C04F79EFBC}") = "Dynamometer", "Dynamometer\Dynamometer.csproj", "{7A9CBABA-8772-4613-A7EB-1E69EAB7180C}"
EndProject
Project("{FAE04EC0-301F-11D3-BF4B-00C04F79EFBC}") = "Exhaust", "Exhaust\Exhaust.csproj", "{3B5A73DE-4971-4079-A4F8-50D676278742}"
EndProject
Project("{FAE04EC0-301F-11D3-BF4B-00C04F79EFBC}") = "INIIO", "INIIO\INIIO.csproj", "{66AB13FC-AE00-42C8-B107-F375867E6363}"
EndProject
Project("{FAE04EC0-301F-11D3-BF4B-00C04F79EFBC}") = "BpqFl", "BpqFl\BpqFl.csproj", "{B6FE0FB9-8E71-4FB6-B101-8172C4334D52}"
EndProject
Project("{FAE04EC0-301F-11D3-BF4B-00C04F79EFBC}") = "LedControl", "LedControl\LedControl.csproj", "{87A82745-B7D6-4477-9B12-DFCD41BCD8CF}"
EndProject
Project("{FAE04EC0-301F-11D3-BF4B-00C04F79EFBC}") = "carinfor", "carinfor\carinfor.csproj", "{82414900-9F68-46FC-B559-D204A1B839F1}"
EndProject
Project("{FAE04EC0-301F-11D3-BF4B-00C04F79EFBC}") = "CSVcontrol", "CSVcontrol\CSVcontrol.csproj", "{E17C9A82-FEB1-45D1-9577-9E301B645950}"
EndProject
Project("{FAE04EC0-301F-11D3-BF4B-00C04F79EFBC}") = "lugdowm", "lugdown\lugdowm\lugdowm.csproj", "{26ED4D1C-3FD1-431B-9720-23BE76C4FFDD}"
EndProject
Project("{FAE04EC0-301F-11D3-BF4B-00C04F79EFBC}") = "zyjsTest", "zyjstest\zyjsTest\zyjsTest.csproj", "{0113CF8C-0A41-4605-A8C4-0B5C3910A640}"
EndProject
Project("{FAE04EC0-301F-11D3-BF4B-00C04F79EFBC}") = "sds", "sds\sds\sds.csproj", "{AF26A2BE-1F44-47C4-A6AA-9267E30EF610}"
EndProject
Project("{FAE04EC0-301F-11D3-BF4B-00C04F79EFBC}") = "惯量标定", "标定\惯量标定\惯量标定.csproj", "{C7237BB5-D38D-4F60-8486-2EDEAC462804}"
EndProject
Project("{FAE04EC0-301F-11D3-BF4B-00C04F79EFBC}") = "汽油寄生功率", "标定\寄生功率\汽油寄生功率.csproj", "{95ECFCA3-F50E-4B38-A7FD-F987AA5ACD7C}"
EndProject
Project("{FAE04EC0-301F-11D3-BF4B-00C04F79EFBC}") = "加载滑行", "标定\加载滑行\加载滑行.csproj", "{0FD056DA-BBAC-455E-B887-14F1D660A0BA}"
EndProject
Project("{FAE04EC0-301F-11D3-BF4B-00C04F79EFBC}") = "预热", "预热\预热\预热.csproj", "{C45C3885-577C-4440-A766-2F2B48E95522}"
EndProject
Project("{FAE04EC0-301F-11D3-BF4B-00C04F79EFBC}") = "废气仪标定", "废气仪标定\废气仪标定\废气仪标定.csproj", "{675D8A60-5EAC-4916-BE35-7872156DD75D}"
EndProject
Project("{FAE04EC0-301F-11D3-BF4B-00C04F79EFBC}") = "流量计标定", "流量计标定\流量计标定\流量计标定.csproj", "{DE693BAF-4102-4739-85F0-FC5619131C55}"
EndProject
Project("{FAE04EC0-301F-11D3-BF4B-00C04F79EFBC}") = "upanControl", "U盘查找\upanControl\upanControl.csproj", "{9A5F5BB8-1F36-41FF-AE54-1C634D990860}"
EndProject
Project("{FAE04EC0-301F-11D3-BF4B-00C04F79EFBC}") = "SYS_DAL", "SYS_DAL\SYS_DAL.csproj", "{0C158118-DD0C-42DC-9B67-EA3055AE46CF}"
EndProject
Project("{FAE04EC0-301F-11D3-BF4B-00C04F79EFBC}") = "SYS_MODEL", "SYS_MODEL\SYS_MODEL.csproj", "{E43A16D8-0BCA-42AB-B0DC-5D8FEE37958C}"
EndProject
Project("{FAE04EC0-301F-11D3-BF4B-00C04F79EFBC}") = "柴油寄生功率", "标定\柴油寄生功率\柴油寄生功率.csproj", "{94E93096-17F3-40CE-8C13-6F15DEF62036}"
EndProject
Project("{FAE04EC0-301F-11D3-BF4B-00C04F79EFBC}") = "ASMtest", "ASM\ASMtest\ASMtest.csproj", "{46C212D7-9EC7-4AA4-9F67-804DCC2675F4}"
EndProject
Project("{FAE04EC0-301F-11D3-BF4B-00C04F79EFBC}") = "设备自检", "设备自检\设备自检.csproj", "{8FAC0AFF-DFDE-4E5E-9A4B-4FBD11D33EE6}"
EndProject
Project("{FAE04EC0-301F-11D3-BF4B-00C04F79EFBC}") = "MatrixEquation", "MatrixEquation\MatrixEquation\MatrixEquation.csproj", "{A946EF6D-2918-4AC5-92F4-16BE29133EEF}"
EndProject
Project("{FAE04EC0-301F-11D3-BF4B-00C04F79EFBC}") = "系统设置", "系统设置\系统设置\系统设置.csproj", "{C628C12F-80D2-48D4-A6B1-BBFEF72F4913}"
EndProject
Project("{FAE04EC0-301F-11D3-BF4B-00C04F79EFBC}") = "烟度计标定", "烟度计标定\烟度计标定.csproj", "{B36F4734-B677-41C7-8C86-DEEA9B0FB224}"
EndProject
Project("{FAE04EC0-301F-11D3-BF4B-00C04F79EFBC}") = "变载荷滑行", "变载荷滑行\变载荷滑行\变载荷滑行.csproj", "{64BB1208-6DA0-4D96-B7E9-26C533B070D9}"
EndProject
Project("{FAE04EC0-301F-11D3-BF4B-00C04F79EFBC}") = "气象站校准", "电子环境标定\QxzDemarcate\气象站校准.csproj", "{920497D9-946A-4F1C-A8B8-8178E9F277B2}"
EndProject
Project("{FAE04EC0-301F-11D3-BF4B-00C04F79EFBC}") = "响应时间", "响应时间\响应时间\响应时间.csproj", "{043556C1-182E-499B-89CC-3C62F4343D4A}"
EndProject
Project("{FAE04EC0-301F-11D3-BF4B-00C04F79EFBC}") = "速度标定", "速度标定\速度标定.csproj", "{1EA36866-FFA0-499D-913B-0C8FE8E5574B}"
EndProject
Project("{FAE04EC0-301F-11D3-BF4B-00C04F79EFBC}") = "lztest", "lztest\lztest\lztest.csproj", "{7CBB51F5-1B0E-46BE-A185-DFE67D987B02}"
EndProject
Project("{FAE04EC0-301F-11D3-BF4B-00C04F79EFBC}") = "碳平衡油耗仪", "碳平衡油耗仪\碳平衡油耗仪.csproj", "{7F7B3F50-1B04-4973-A261-948AEF925336}"
EndProject
Project("{FAE04EC0-301F-11D3-BF4B-00C04F79EFBC}") = "动力性测量", "动力性测量\动力性测量.csproj", "{C2CA362F-15F8-4724-96DF-4EC37569F58C}"
EndProject
Project("{FAE04EC0-301F-11D3-BF4B-00C04F79EFBC}") = "车辆登录", "车辆登录\车辆登录.csproj", "{97868FE4-CCDF-4BC0-BAA5-97C42A3FFC14}"
EndProject
Project("{FAE04EC0-301F-11D3-BF4B-00C04F79EFBC}") = "车型库管理", "车型库管理\车型库管理.csproj", "{2E422C41-414C-4C68-A2E6-619C22F742E8}"
EndProject
Project("{FAE04EC0-301F-11D3-BF4B-00C04F79EFBC}") = "LED屏测试", "LED屏测试\LED屏测试.csproj", "{D2473C8D-83EB-41AB-84BB-231AB4D05720}"
EndProject
Project("{FAE04EC0-301F-11D3-BF4B-00C04F79EFBC}") = "油耗仪通讯测试", "油耗仪通讯测试\油耗仪通讯测试.csproj", "{8BB68CDC-FFBF-44FE-AE7D-2FBAC794B448}"
EndProject
Project("{FAE04EC0-301F-11D3-BF4B-00C04F79EFBC}") = "动力油耗", "动力油耗\动力油耗.csproj", "{22015734-C07F-4046-8AC8-B914C06EF0AE}"
EndProject
Project("{FAE04EC0-301F-11D3-BF4B-00C04F79EFBC}") = "dynSettings", "dynSettings\dynSettings.csproj", "{0281F94E-6269-434C-B7C2-3CA5A0975E88}"
EndProject
Project("{FAE04EC0-301F-11D3-BF4B-00C04F79EFBC}") = "泄漏检查", "泄漏检查\泄漏检查.csproj", "{18E2C1B8-F0D2-4772-A6D8-7AE8AD242D31}"
EndProject
Global
	GlobalSection(SolutionConfigurationPlatforms) = preSolution
		Debug|Any CPU = Debug|Any CPU
		Debug|Mixed Platforms = Debug|Mixed Platforms
		Debug|x86 = Debug|x86
		Release|Any CPU = Release|Any CPU
		Release|Mixed Platforms = Release|Mixed Platforms
		Release|x86 = Release|x86
	EndGlobalSection
	GlobalSection(ProjectConfigurationPlatforms) = postSolution
		{945E7829-A243-4F7E-9954-DB5A9E9AFC48}.Debug|Any CPU.ActiveCfg = Debug|x86
		{945E7829-A243-4F7E-9954-DB5A9E9AFC48}.Debug|Mixed Platforms.ActiveCfg = Debug|x86
		{945E7829-A243-4F7E-9954-DB5A9E9AFC48}.Debug|Mixed Platforms.Build.0 = Debug|x86
		{945E7829-A243-4F7E-9954-DB5A9E9AFC48}.Debug|x86.ActiveCfg = Debug|x86
		{945E7829-A243-4F7E-9954-DB5A9E9AFC48}.Debug|x86.Build.0 = Debug|x86
		{945E7829-A243-4F7E-9954-DB5A9E9AFC48}.Release|Any CPU.ActiveCfg = Release|x86
		{945E7829-A243-4F7E-9954-DB5A9E9AFC48}.Release|Mixed Platforms.ActiveCfg = Release|x86
		{945E7829-A243-4F7E-9954-DB5A9E9AFC48}.Release|Mixed Platforms.Build.0 = Release|x86
		{945E7829-A243-4F7E-9954-DB5A9E9AFC48}.Release|x86.ActiveCfg = Release|x86
		{945E7829-A243-4F7E-9954-DB5A9E9AFC48}.Release|x86.Build.0 = Release|x86
		{7A9CBABA-8772-4613-A7EB-1E69EAB7180C}.Debug|Any CPU.ActiveCfg = Debug|Any CPU
		{7A9CBABA-8772-4613-A7EB-1E69EAB7180C}.Debug|Any CPU.Build.0 = Debug|Any CPU
		{7A9CBABA-8772-4613-A7EB-1E69EAB7180C}.Debug|Mixed Platforms.ActiveCfg = Debug|Any CPU
		{7A9CBABA-8772-4613-A7EB-1E69EAB7180C}.Debug|Mixed Platforms.Build.0 = Debug|Any CPU
		{7A9CBABA-8772-4613-A7EB-1E69EAB7180C}.Debug|x86.ActiveCfg = Debug|Any CPU
		{7A9CBABA-8772-4613-A7EB-1E69EAB7180C}.Release|Any CPU.ActiveCfg = Release|Any CPU
		{7A9CBABA-8772-4613-A7EB-1E69EAB7180C}.Release|Any CPU.Build.0 = Release|Any CPU
		{7A9CBABA-8772-4613-A7EB-1E69EAB7180C}.Release|Mixed Platforms.ActiveCfg = Release|Any CPU
		{7A9CBABA-8772-4613-A7EB-1E69EAB7180C}.Release|Mixed Platforms.Build.0 = Release|Any CPU
		{7A9CBABA-8772-4613-A7EB-1E69EAB7180C}.Release|x86.ActiveCfg = Release|Any CPU
		{3B5A73DE-4971-4079-A4F8-50D676278742}.Debug|Any CPU.ActiveCfg = Debug|Any CPU
		{3B5A73DE-4971-4079-A4F8-50D676278742}.Debug|Any CPU.Build.0 = Debug|Any CPU
		{3B5A73DE-4971-4079-A4F8-50D676278742}.Debug|Mixed Platforms.ActiveCfg = Debug|Any CPU
		{3B5A73DE-4971-4079-A4F8-50D676278742}.Debug|Mixed Platforms.Build.0 = Debug|Any CPU
		{3B5A73DE-4971-4079-A4F8-50D676278742}.Debug|x86.ActiveCfg = Debug|Any CPU
		{3B5A73DE-4971-4079-A4F8-50D676278742}.Release|Any CPU.ActiveCfg = Release|Any CPU
		{3B5A73DE-4971-4079-A4F8-50D676278742}.Release|Any CPU.Build.0 = Release|Any CPU
		{3B5A73DE-4971-4079-A4F8-50D676278742}.Release|Mixed Platforms.ActiveCfg = Release|Any CPU
		{3B5A73DE-4971-4079-A4F8-50D676278742}.Release|Mixed Platforms.Build.0 = Release|Any CPU
		{3B5A73DE-4971-4079-A4F8-50D676278742}.Release|x86.ActiveCfg = Release|Any CPU
		{66AB13FC-AE00-42C8-B107-F375867E6363}.Debug|Any CPU.ActiveCfg = Debug|Any CPU
		{66AB13FC-AE00-42C8-B107-F375867E6363}.Debug|Any CPU.Build.0 = Debug|Any CPU
		{66AB13FC-AE00-42C8-B107-F375867E6363}.Debug|Mixed Platforms.ActiveCfg = Debug|Any CPU
		{66AB13FC-AE00-42C8-B107-F375867E6363}.Debug|Mixed Platforms.Build.0 = Debug|Any CPU
		{66AB13FC-AE00-42C8-B107-F375867E6363}.Debug|x86.ActiveCfg = Debug|Any CPU
		{66AB13FC-AE00-42C8-B107-F375867E6363}.Release|Any CPU.ActiveCfg = Release|Any CPU
		{66AB13FC-AE00-42C8-B107-F375867E6363}.Release|Any CPU.Build.0 = Release|Any CPU
		{66AB13FC-AE00-42C8-B107-F375867E6363}.Release|Mixed Platforms.ActiveCfg = Release|Any CPU
		{66AB13FC-AE00-42C8-B107-F375867E6363}.Release|Mixed Platforms.Build.0 = Release|Any CPU
		{66AB13FC-AE00-42C8-B107-F375867E6363}.Release|x86.ActiveCfg = Release|Any CPU
		{B6FE0FB9-8E71-4FB6-B101-8172C4334D52}.Debug|Any CPU.ActiveCfg = Debug|x86
		{B6FE0FB9-8E71-4FB6-B101-8172C4334D52}.Debug|Mixed Platforms.ActiveCfg = Debug|x86
		{B6FE0FB9-8E71-4FB6-B101-8172C4334D52}.Debug|Mixed Platforms.Build.0 = Debug|x86
		{B6FE0FB9-8E71-4FB6-B101-8172C4334D52}.Debug|x86.ActiveCfg = Debug|x86
		{B6FE0FB9-8E71-4FB6-B101-8172C4334D52}.Debug|x86.Build.0 = Debug|x86
		{B6FE0FB9-8E71-4FB6-B101-8172C4334D52}.Release|Any CPU.ActiveCfg = Release|x86
		{B6FE0FB9-8E71-4FB6-B101-8172C4334D52}.Release|Mixed Platforms.ActiveCfg = Release|x86
		{B6FE0FB9-8E71-4FB6-B101-8172C4334D52}.Release|Mixed Platforms.Build.0 = Release|x86
		{B6FE0FB9-8E71-4FB6-B101-8172C4334D52}.Release|x86.ActiveCfg = Release|x86
		{B6FE0FB9-8E71-4FB6-B101-8172C4334D52}.Release|x86.Build.0 = Release|x86
		{87A82745-B7D6-4477-9B12-DFCD41BCD8CF}.Debug|Any CPU.ActiveCfg = Debug|Any CPU
		{87A82745-B7D6-4477-9B12-DFCD41BCD8CF}.Debug|Any CPU.Build.0 = Debug|Any CPU
		{87A82745-B7D6-4477-9B12-DFCD41BCD8CF}.Debug|Mixed Platforms.ActiveCfg = Debug|Any CPU
		{87A82745-B7D6-4477-9B12-DFCD41BCD8CF}.Debug|Mixed Platforms.Build.0 = Debug|Any CPU
		{87A82745-B7D6-4477-9B12-DFCD41BCD8CF}.Debug|x86.ActiveCfg = Debug|Any CPU
		{87A82745-B7D6-4477-9B12-DFCD41BCD8CF}.Release|Any CPU.ActiveCfg = Release|Any CPU
		{87A82745-B7D6-4477-9B12-DFCD41BCD8CF}.Release|Any CPU.Build.0 = Release|Any CPU
		{87A82745-B7D6-4477-9B12-DFCD41BCD8CF}.Release|Mixed Platforms.ActiveCfg = Release|Any CPU
		{87A82745-B7D6-4477-9B12-DFCD41BCD8CF}.Release|Mixed Platforms.Build.0 = Release|Any CPU
		{87A82745-B7D6-4477-9B12-DFCD41BCD8CF}.Release|x86.ActiveCfg = Release|Any CPU
		{82414900-9F68-46FC-B559-D204A1B839F1}.Debug|Any CPU.ActiveCfg = Debug|Any CPU
		{82414900-9F68-46FC-B559-D204A1B839F1}.Debug|Any CPU.Build.0 = Debug|Any CPU
		{82414900-9F68-46FC-B559-D204A1B839F1}.Debug|Mixed Platforms.ActiveCfg = Debug|Any CPU
		{82414900-9F68-46FC-B559-D204A1B839F1}.Debug|Mixed Platforms.Build.0 = Debug|Any CPU
		{82414900-9F68-46FC-B559-D204A1B839F1}.Debug|x86.ActiveCfg = Debug|Any CPU
		{82414900-9F68-46FC-B559-D204A1B839F1}.Release|Any CPU.ActiveCfg = Release|Any CPU
		{82414900-9F68-46FC-B559-D204A1B839F1}.Release|Any CPU.Build.0 = Release|Any CPU
		{82414900-9F68-46FC-B559-D204A1B839F1}.Release|Mixed Platforms.ActiveCfg = Release|Any CPU
		{82414900-9F68-46FC-B559-D204A1B839F1}.Release|Mixed Platforms.Build.0 = Release|Any CPU
		{82414900-9F68-46FC-B559-D204A1B839F1}.Release|x86.ActiveCfg = Release|Any CPU
		{E17C9A82-FEB1-45D1-9577-9E301B645950}.Debug|Any CPU.ActiveCfg = Debug|Any CPU
		{E17C9A82-FEB1-45D1-9577-9E301B645950}.Debug|Any CPU.Build.0 = Debug|Any CPU
		{E17C9A82-FEB1-45D1-9577-9E301B645950}.Debug|Mixed Platforms.ActiveCfg = Debug|Any CPU
		{E17C9A82-FEB1-45D1-9577-9E301B645950}.Debug|Mixed Platforms.Build.0 = Debug|Any CPU
		{E17C9A82-FEB1-45D1-9577-9E301B645950}.Debug|x86.ActiveCfg = Debug|Any CPU
		{E17C9A82-FEB1-45D1-9577-9E301B645950}.Release|Any CPU.ActiveCfg = Release|Any CPU
		{E17C9A82-FEB1-45D1-9577-9E301B645950}.Release|Any CPU.Build.0 = Release|Any CPU
		{E17C9A82-FEB1-45D1-9577-9E301B645950}.Release|Mixed Platforms.ActiveCfg = Release|Any CPU
		{E17C9A82-FEB1-45D1-9577-9E301B645950}.Release|Mixed Platforms.Build.0 = Release|Any CPU
		{E17C9A82-FEB1-45D1-9577-9E301B645950}.Release|x86.ActiveCfg = Release|Any CPU
		{26ED4D1C-3FD1-431B-9720-23BE76C4FFDD}.Debug|Any CPU.ActiveCfg = Debug|x86
		{26ED4D1C-3FD1-431B-9720-23BE76C4FFDD}.Debug|Mixed Platforms.ActiveCfg = Debug|x86
		{26ED4D1C-3FD1-431B-9720-23BE76C4FFDD}.Debug|Mixed Platforms.Build.0 = Debug|x86
		{26ED4D1C-3FD1-431B-9720-23BE76C4FFDD}.Debug|x86.ActiveCfg = Debug|x86
		{26ED4D1C-3FD1-431B-9720-23BE76C4FFDD}.Debug|x86.Build.0 = Debug|x86
		{26ED4D1C-3FD1-431B-9720-23BE76C4FFDD}.Release|Any CPU.ActiveCfg = Release|x86
		{26ED4D1C-3FD1-431B-9720-23BE76C4FFDD}.Release|Mixed Platforms.ActiveCfg = Release|x86
		{26ED4D1C-3FD1-431B-9720-23BE76C4FFDD}.Release|Mixed Platforms.Build.0 = Release|x86
		{26ED4D1C-3FD1-431B-9720-23BE76C4FFDD}.Release|x86.ActiveCfg = Release|x86
		{26ED4D1C-3FD1-431B-9720-23BE76C4FFDD}.Release|x86.Build.0 = Release|x86
		{0113CF8C-0A41-4605-A8C4-0B5C3910A640}.Debug|Any CPU.ActiveCfg = Debug|x86
		{0113CF8C-0A41-4605-A8C4-0B5C3910A640}.Debug|Mixed Platforms.ActiveCfg = Debug|x86
		{0113CF8C-0A41-4605-A8C4-0B5C3910A640}.Debug|Mixed Platforms.Build.0 = Debug|x86
		{0113CF8C-0A41-4605-A8C4-0B5C3910A640}.Debug|x86.ActiveCfg = Debug|x86
		{0113CF8C-0A41-4605-A8C4-0B5C3910A640}.Debug|x86.Build.0 = Debug|x86
		{0113CF8C-0A41-4605-A8C4-0B5C3910A640}.Release|Any CPU.ActiveCfg = Release|x86
		{0113CF8C-0A41-4605-A8C4-0B5C3910A640}.Release|Mixed Platforms.ActiveCfg = Release|x86
		{0113CF8C-0A41-4605-A8C4-0B5C3910A640}.Release|Mixed Platforms.Build.0 = Release|x86
		{0113CF8C-0A41-4605-A8C4-0B5C3910A640}.Release|x86.ActiveCfg = Release|x86
		{0113CF8C-0A41-4605-A8C4-0B5C3910A640}.Release|x86.Build.0 = Release|x86
		{AF26A2BE-1F44-47C4-A6AA-9267E30EF610}.Debug|Any CPU.ActiveCfg = Debug|x86
		{AF26A2BE-1F44-47C4-A6AA-9267E30EF610}.Debug|Mixed Platforms.ActiveCfg = Debug|x86
		{AF26A2BE-1F44-47C4-A6AA-9267E30EF610}.Debug|Mixed Platforms.Build.0 = Debug|x86
		{AF26A2BE-1F44-47C4-A6AA-9267E30EF610}.Debug|x86.ActiveCfg = Debug|x86
		{AF26A2BE-1F44-47C4-A6AA-9267E30EF610}.Debug|x86.Build.0 = Debug|x86
		{AF26A2BE-1F44-47C4-A6AA-9267E30EF610}.Release|Any CPU.ActiveCfg = Release|x86
		{AF26A2BE-1F44-47C4-A6AA-9267E30EF610}.Release|Mixed Platforms.ActiveCfg = Release|x86
		{AF26A2BE-1F44-47C4-A6AA-9267E30EF610}.Release|Mixed Platforms.Build.0 = Release|x86
		{AF26A2BE-1F44-47C4-A6AA-9267E30EF610}.Release|x86.ActiveCfg = Release|x86
		{AF26A2BE-1F44-47C4-A6AA-9267E30EF610}.Release|x86.Build.0 = Release|x86
		{C7237BB5-D38D-4F60-8486-2EDEAC462804}.Debug|Any CPU.ActiveCfg = Debug|x86
		{C7237BB5-D38D-4F60-8486-2EDEAC462804}.Debug|Mixed Platforms.ActiveCfg = Debug|x86
		{C7237BB5-D38D-4F60-8486-2EDEAC462804}.Debug|Mixed Platforms.Build.0 = Debug|x86
		{C7237BB5-D38D-4F60-8486-2EDEAC462804}.Debug|x86.ActiveCfg = Debug|x86
		{C7237BB5-D38D-4F60-8486-2EDEAC462804}.Debug|x86.Build.0 = Debug|x86
		{C7237BB5-D38D-4F60-8486-2EDEAC462804}.Release|Any CPU.ActiveCfg = Release|x86
		{C7237BB5-D38D-4F60-8486-2EDEAC462804}.Release|Mixed Platforms.ActiveCfg = Release|x86
		{C7237BB5-D38D-4F60-8486-2EDEAC462804}.Release|Mixed Platforms.Build.0 = Release|x86
		{C7237BB5-D38D-4F60-8486-2EDEAC462804}.Release|x86.ActiveCfg = Release|x86
		{C7237BB5-D38D-4F60-8486-2EDEAC462804}.Release|x86.Build.0 = Release|x86
		{95ECFCA3-F50E-4B38-A7FD-F987AA5ACD7C}.Debug|Any CPU.ActiveCfg = Debug|x86
		{95ECFCA3-F50E-4B38-A7FD-F987AA5ACD7C}.Debug|Mixed Platforms.ActiveCfg = Debug|x86
		{95ECFCA3-F50E-4B38-A7FD-F987AA5ACD7C}.Debug|Mixed Platforms.Build.0 = Debug|x86
		{95ECFCA3-F50E-4B38-A7FD-F987AA5ACD7C}.Debug|x86.ActiveCfg = Debug|x86
		{95ECFCA3-F50E-4B38-A7FD-F987AA5ACD7C}.Debug|x86.Build.0 = Debug|x86
		{95ECFCA3-F50E-4B38-A7FD-F987AA5ACD7C}.Release|Any CPU.ActiveCfg = Release|x86
		{95ECFCA3-F50E-4B38-A7FD-F987AA5ACD7C}.Release|Mixed Platforms.ActiveCfg = Release|x86
		{95ECFCA3-F50E-4B38-A7FD-F987AA5ACD7C}.Release|Mixed Platforms.Build.0 = Release|x86
		{95ECFCA3-F50E-4B38-A7FD-F987AA5ACD7C}.Release|x86.ActiveCfg = Release|x86
		{95ECFCA3-F50E-4B38-A7FD-F987AA5ACD7C}.Release|x86.Build.0 = Release|x86
		{0FD056DA-BBAC-455E-B887-14F1D660A0BA}.Debug|Any CPU.ActiveCfg = Debug|x86
		{0FD056DA-BBAC-455E-B887-14F1D660A0BA}.Debug|Mixed Platforms.ActiveCfg = Debug|x86
		{0FD056DA-BBAC-455E-B887-14F1D660A0BA}.Debug|Mixed Platforms.Build.0 = Debug|x86
		{0FD056DA-BBAC-455E-B887-14F1D660A0BA}.Debug|x86.ActiveCfg = Debug|x86
		{0FD056DA-BBAC-455E-B887-14F1D660A0BA}.Debug|x86.Build.0 = Debug|x86
		{0FD056DA-BBAC-455E-B887-14F1D660A0BA}.Release|Any CPU.ActiveCfg = Release|x86
		{0FD056DA-BBAC-455E-B887-14F1D660A0BA}.Release|Mixed Platforms.ActiveCfg = Release|x86
		{0FD056DA-BBAC-455E-B887-14F1D660A0BA}.Release|Mixed Platforms.Build.0 = Release|x86
		{0FD056DA-BBAC-455E-B887-14F1D660A0BA}.Release|x86.ActiveCfg = Release|x86
		{0FD056DA-BBAC-455E-B887-14F1D660A0BA}.Release|x86.Build.0 = Release|x86
		{C45C3885-577C-4440-A766-2F2B48E95522}.Debug|Any CPU.ActiveCfg = Debug|x86
		{C45C3885-577C-4440-A766-2F2B48E95522}.Debug|Mixed Platforms.ActiveCfg = Debug|x86
		{C45C3885-577C-4440-A766-2F2B48E95522}.Debug|Mixed Platforms.Build.0 = Debug|x86
		{C45C3885-577C-4440-A766-2F2B48E95522}.Debug|x86.ActiveCfg = Debug|x86
		{C45C3885-577C-4440-A766-2F2B48E95522}.Debug|x86.Build.0 = Debug|x86
		{C45C3885-577C-4440-A766-2F2B48E95522}.Release|Any CPU.ActiveCfg = Release|x86
		{C45C3885-577C-4440-A766-2F2B48E95522}.Release|Mixed Platforms.ActiveCfg = Release|x86
		{C45C3885-577C-4440-A766-2F2B48E95522}.Release|Mixed Platforms.Build.0 = Release|x86
		{C45C3885-577C-4440-A766-2F2B48E95522}.Release|x86.ActiveCfg = Release|x86
		{C45C3885-577C-4440-A766-2F2B48E95522}.Release|x86.Build.0 = Release|x86
		{675D8A60-5EAC-4916-BE35-7872156DD75D}.Debug|Any CPU.ActiveCfg = Debug|x86
		{675D8A60-5EAC-4916-BE35-7872156DD75D}.Debug|Mixed Platforms.ActiveCfg = Debug|x86
		{675D8A60-5EAC-4916-BE35-7872156DD75D}.Debug|Mixed Platforms.Build.0 = Debug|x86
		{675D8A60-5EAC-4916-BE35-7872156DD75D}.Debug|x86.ActiveCfg = Debug|x86
		{675D8A60-5EAC-4916-BE35-7872156DD75D}.Debug|x86.Build.0 = Debug|x86
		{675D8A60-5EAC-4916-BE35-7872156DD75D}.Release|Any CPU.ActiveCfg = Release|x86
		{675D8A60-5EAC-4916-BE35-7872156DD75D}.Release|Mixed Platforms.ActiveCfg = Release|x86
		{675D8A60-5EAC-4916-BE35-7872156DD75D}.Release|Mixed Platforms.Build.0 = Release|x86
		{675D8A60-5EAC-4916-BE35-7872156DD75D}.Release|x86.ActiveCfg = Release|x86
		{675D8A60-5EAC-4916-BE35-7872156DD75D}.Release|x86.Build.0 = Release|x86
		{DE693BAF-4102-4739-85F0-FC5619131C55}.Debug|Any CPU.ActiveCfg = Debug|x86
		{DE693BAF-4102-4739-85F0-FC5619131C55}.Debug|Mixed Platforms.ActiveCfg = Debug|x86
		{DE693BAF-4102-4739-85F0-FC5619131C55}.Debug|Mixed Platforms.Build.0 = Debug|x86
		{DE693BAF-4102-4739-85F0-FC5619131C55}.Debug|x86.ActiveCfg = Debug|x86
		{DE693BAF-4102-4739-85F0-FC5619131C55}.Debug|x86.Build.0 = Debug|x86
		{DE693BAF-4102-4739-85F0-FC5619131C55}.Release|Any CPU.ActiveCfg = Release|x86
		{DE693BAF-4102-4739-85F0-FC5619131C55}.Release|Mixed Platforms.ActiveCfg = Release|x86
		{DE693BAF-4102-4739-85F0-FC5619131C55}.Release|Mixed Platforms.Build.0 = Release|x86
		{DE693BAF-4102-4739-85F0-FC5619131C55}.Release|x86.ActiveCfg = Release|x86
		{DE693BAF-4102-4739-85F0-FC5619131C55}.Release|x86.Build.0 = Release|x86
		{9A5F5BB8-1F36-41FF-AE54-1C634D990860}.Debug|Any CPU.ActiveCfg = Debug|Any CPU
		{9A5F5BB8-1F36-41FF-AE54-1C634D990860}.Debug|Any CPU.Build.0 = Debug|Any CPU
		{9A5F5BB8-1F36-41FF-AE54-1C634D990860}.Debug|Mixed Platforms.ActiveCfg = Debug|Any CPU
		{9A5F5BB8-1F36-41FF-AE54-1C634D990860}.Debug|Mixed Platforms.Build.0 = Debug|Any CPU
		{9A5F5BB8-1F36-41FF-AE54-1C634D990860}.Debug|x86.ActiveCfg = Debug|Any CPU
		{9A5F5BB8-1F36-41FF-AE54-1C634D990860}.Release|Any CPU.ActiveCfg = Release|Any CPU
		{9A5F5BB8-1F36-41FF-AE54-1C634D990860}.Release|Any CPU.Build.0 = Release|Any CPU
		{9A5F5BB8-1F36-41FF-AE54-1C634D990860}.Release|Mixed Platforms.ActiveCfg = Release|Any CPU
		{9A5F5BB8-1F36-41FF-AE54-1C634D990860}.Release|Mixed Platforms.Build.0 = Release|Any CPU
		{9A5F5BB8-1F36-41FF-AE54-1C634D990860}.Release|x86.ActiveCfg = Release|Any CPU
		{0C158118-DD0C-42DC-9B67-EA3055AE46CF}.Debug|Any CPU.ActiveCfg = Debug|Any CPU
		{0C158118-DD0C-42DC-9B67-EA3055AE46CF}.Debug|Any CPU.Build.0 = Debug|Any CPU
		{0C158118-DD0C-42DC-9B67-EA3055AE46CF}.Debug|Mixed Platforms.ActiveCfg = Debug|Any CPU
		{0C158118-DD0C-42DC-9B67-EA3055AE46CF}.Debug|Mixed Platforms.Build.0 = Debug|Any CPU
		{0C158118-DD0C-42DC-9B67-EA3055AE46CF}.Debug|x86.ActiveCfg = Debug|Any CPU
		{0C158118-DD0C-42DC-9B67-EA3055AE46CF}.Release|Any CPU.ActiveCfg = Release|Any CPU
		{0C158118-DD0C-42DC-9B67-EA3055AE46CF}.Release|Any CPU.Build.0 = Release|Any CPU
		{0C158118-DD0C-42DC-9B67-EA3055AE46CF}.Release|Mixed Platforms.ActiveCfg = Release|Any CPU
		{0C158118-DD0C-42DC-9B67-EA3055AE46CF}.Release|Mixed Platforms.Build.0 = Release|Any CPU
		{0C158118-DD0C-42DC-9B67-EA3055AE46CF}.Release|x86.ActiveCfg = Release|Any CPU
		{E43A16D8-0BCA-42AB-B0DC-5D8FEE37958C}.Debug|Any CPU.ActiveCfg = Debug|Any CPU
		{E43A16D8-0BCA-42AB-B0DC-5D8FEE37958C}.Debug|Any CPU.Build.0 = Debug|Any CPU
		{E43A16D8-0BCA-42AB-B0DC-5D8FEE37958C}.Debug|Mixed Platforms.ActiveCfg = Debug|Any CPU
		{E43A16D8-0BCA-42AB-B0DC-5D8FEE37958C}.Debug|Mixed Platforms.Build.0 = Debug|Any CPU
		{E43A16D8-0BCA-42AB-B0DC-5D8FEE37958C}.Debug|x86.ActiveCfg = Debug|Any CPU
		{E43A16D8-0BCA-42AB-B0DC-5D8FEE37958C}.Release|Any CPU.ActiveCfg = Release|Any CPU
		{E43A16D8-0BCA-42AB-B0DC-5D8FEE37958C}.Release|Any CPU.Build.0 = Release|Any CPU
		{E43A16D8-0BCA-42AB-B0DC-5D8FEE37958C}.Release|Mixed Platforms.ActiveCfg = Release|Any CPU
		{E43A16D8-0BCA-42AB-B0DC-5D8FEE37958C}.Release|Mixed Platforms.Build.0 = Release|Any CPU
		{E43A16D8-0BCA-42AB-B0DC-5D8FEE37958C}.Release|x86.ActiveCfg = Release|Any CPU
		{94E93096-17F3-40CE-8C13-6F15DEF62036}.Debug|Any CPU.ActiveCfg = Debug|x86
		{94E93096-17F3-40CE-8C13-6F15DEF62036}.Debug|Mixed Platforms.ActiveCfg = Debug|x86
		{94E93096-17F3-40CE-8C13-6F15DEF62036}.Debug|Mixed Platforms.Build.0 = Debug|x86
		{94E93096-17F3-40CE-8C13-6F15DEF62036}.Debug|x86.ActiveCfg = Debug|x86
		{94E93096-17F3-40CE-8C13-6F15DEF62036}.Debug|x86.Build.0 = Debug|x86
		{94E93096-17F3-40CE-8C13-6F15DEF62036}.Release|Any CPU.ActiveCfg = Release|x86
		{94E93096-17F3-40CE-8C13-6F15DEF62036}.Release|Mixed Platforms.ActiveCfg = Release|x86
		{94E93096-17F3-40CE-8C13-6F15DEF62036}.Release|Mixed Platforms.Build.0 = Release|x86
		{94E93096-17F3-40CE-8C13-6F15DEF62036}.Release|x86.ActiveCfg = Release|x86
		{94E93096-17F3-40CE-8C13-6F15DEF62036}.Release|x86.Build.0 = Release|x86
		{46C212D7-9EC7-4AA4-9F67-804DCC2675F4}.Debug|Any CPU.ActiveCfg = Debug|x86
		{46C212D7-9EC7-4AA4-9F67-804DCC2675F4}.Debug|Mixed Platforms.ActiveCfg = Debug|x86
		{46C212D7-9EC7-4AA4-9F67-804DCC2675F4}.Debug|Mixed Platforms.Build.0 = Debug|x86
		{46C212D7-9EC7-4AA4-9F67-804DCC2675F4}.Debug|x86.ActiveCfg = Debug|x86
		{46C212D7-9EC7-4AA4-9F67-804DCC2675F4}.Debug|x86.Build.0 = Debug|x86
		{46C212D7-9EC7-4AA4-9F67-804DCC2675F4}.Release|Any CPU.ActiveCfg = Release|x86
		{46C212D7-9EC7-4AA4-9F67-804DCC2675F4}.Release|Mixed Platforms.ActiveCfg = Release|x86
		{46C212D7-9EC7-4AA4-9F67-804DCC2675F4}.Release|Mixed Platforms.Build.0 = Release|x86
		{46C212D7-9EC7-4AA4-9F67-804DCC2675F4}.Release|x86.ActiveCfg = Release|x86
		{46C212D7-9EC7-4AA4-9F67-804DCC2675F4}.Release|x86.Build.0 = Release|x86
		{8FAC0AFF-DFDE-4E5E-9A4B-4FBD11D33EE6}.Debug|Any CPU.ActiveCfg = Debug|x86
		{8FAC0AFF-DFDE-4E5E-9A4B-4FBD11D33EE6}.Debug|Mixed Platforms.ActiveCfg = Debug|x86
		{8FAC0AFF-DFDE-4E5E-9A4B-4FBD11D33EE6}.Debug|Mixed Platforms.Build.0 = Debug|x86
		{8FAC0AFF-DFDE-4E5E-9A4B-4FBD11D33EE6}.Debug|x86.ActiveCfg = Debug|x86
		{8FAC0AFF-DFDE-4E5E-9A4B-4FBD11D33EE6}.Debug|x86.Build.0 = Debug|x86
		{8FAC0AFF-DFDE-4E5E-9A4B-4FBD11D33EE6}.Release|Any CPU.ActiveCfg = Release|x86
		{8FAC0AFF-DFDE-4E5E-9A4B-4FBD11D33EE6}.Release|Mixed Platforms.ActiveCfg = Release|x86
		{8FAC0AFF-DFDE-4E5E-9A4B-4FBD11D33EE6}.Release|Mixed Platforms.Build.0 = Release|x86
		{8FAC0AFF-DFDE-4E5E-9A4B-4FBD11D33EE6}.Release|x86.ActiveCfg = Release|x86
		{8FAC0AFF-DFDE-4E5E-9A4B-4FBD11D33EE6}.Release|x86.Build.0 = Release|x86
		{A946EF6D-2918-4AC5-92F4-16BE29133EEF}.Debug|Any CPU.ActiveCfg = Debug|Any CPU
		{A946EF6D-2918-4AC5-92F4-16BE29133EEF}.Debug|Any CPU.Build.0 = Debug|Any CPU
		{A946EF6D-2918-4AC5-92F4-16BE29133EEF}.Debug|Mixed Platforms.ActiveCfg = Debug|Any CPU
		{A946EF6D-2918-4AC5-92F4-16BE29133EEF}.Debug|Mixed Platforms.Build.0 = Debug|Any CPU
		{A946EF6D-2918-4AC5-92F4-16BE29133EEF}.Debug|x86.ActiveCfg = Debug|Any CPU
		{A946EF6D-2918-4AC5-92F4-16BE29133EEF}.Release|Any CPU.ActiveCfg = Release|Any CPU
		{A946EF6D-2918-4AC5-92F4-16BE29133EEF}.Release|Any CPU.Build.0 = Release|Any CPU
		{A946EF6D-2918-4AC5-92F4-16BE29133EEF}.Release|Mixed Platforms.ActiveCfg = Release|Any CPU
		{A946EF6D-2918-4AC5-92F4-16BE29133EEF}.Release|Mixed Platforms.Build.0 = Release|Any CPU
		{A946EF6D-2918-4AC5-92F4-16BE29133EEF}.Release|x86.ActiveCfg = Release|Any CPU
		{C628C12F-80D2-48D4-A6B1-BBFEF72F4913}.Debug|Any CPU.ActiveCfg = Debug|x86
		{C628C12F-80D2-48D4-A6B1-BBFEF72F4913}.Debug|Mixed Platforms.ActiveCfg = Debug|x86
		{C628C12F-80D2-48D4-A6B1-BBFEF72F4913}.Debug|Mixed Platforms.Build.0 = Debug|x86
		{C628C12F-80D2-48D4-A6B1-BBFEF72F4913}.Debug|x86.ActiveCfg = Debug|x86
		{C628C12F-80D2-48D4-A6B1-BBFEF72F4913}.Debug|x86.Build.0 = Debug|x86
		{C628C12F-80D2-48D4-A6B1-BBFEF72F4913}.Release|Any CPU.ActiveCfg = Release|x86
		{C628C12F-80D2-48D4-A6B1-BBFEF72F4913}.Release|Mixed Platforms.ActiveCfg = Release|x86
		{C628C12F-80D2-48D4-A6B1-BBFEF72F4913}.Release|Mixed Platforms.Build.0 = Release|x86
		{C628C12F-80D2-48D4-A6B1-BBFEF72F4913}.Release|x86.ActiveCfg = Release|x86
		{C628C12F-80D2-48D4-A6B1-BBFEF72F4913}.Release|x86.Build.0 = Release|x86
		{B36F4734-B677-41C7-8C86-DEEA9B0FB224}.Debug|Any CPU.ActiveCfg = Debug|x86
		{B36F4734-B677-41C7-8C86-DEEA9B0FB224}.Debug|Mixed Platforms.ActiveCfg = Debug|x86
		{B36F4734-B677-41C7-8C86-DEEA9B0FB224}.Debug|Mixed Platforms.Build.0 = Debug|x86
		{B36F4734-B677-41C7-8C86-DEEA9B0FB224}.Debug|x86.ActiveCfg = Debug|x86
		{B36F4734-B677-41C7-8C86-DEEA9B0FB224}.Debug|x86.Build.0 = Debug|x86
		{B36F4734-B677-41C7-8C86-DEEA9B0FB224}.Release|Any CPU.ActiveCfg = Release|x86
		{B36F4734-B677-41C7-8C86-DEEA9B0FB224}.Release|Mixed Platforms.ActiveCfg = Release|x86
		{B36F4734-B677-41C7-8C86-DEEA9B0FB224}.Release|Mixed Platforms.Build.0 = Release|x86
		{B36F4734-B677-41C7-8C86-DEEA9B0FB224}.Release|x86.ActiveCfg = Release|x86
		{B36F4734-B677-41C7-8C86-DEEA9B0FB224}.Release|x86.Build.0 = Release|x86
		{64BB1208-6DA0-4D96-B7E9-26C533B070D9}.Debug|Any CPU.ActiveCfg = Debug|x86
		{64BB1208-6DA0-4D96-B7E9-26C533B070D9}.Debug|Mixed Platforms.ActiveCfg = Debug|x86
		{64BB1208-6DA0-4D96-B7E9-26C533B070D9}.Debug|Mixed Platforms.Build.0 = Debug|x86
		{64BB1208-6DA0-4D96-B7E9-26C533B070D9}.Debug|x86.ActiveCfg = Debug|x86
		{64BB1208-6DA0-4D96-B7E9-26C533B070D9}.Debug|x86.Build.0 = Debug|x86
		{64BB1208-6DA0-4D96-B7E9-26C533B070D9}.Release|Any CPU.ActiveCfg = Release|x86
		{64BB1208-6DA0-4D96-B7E9-26C533B070D9}.Release|Mixed Platforms.ActiveCfg = Release|x86
		{64BB1208-6DA0-4D96-B7E9-26C533B070D9}.Release|Mixed Platforms.Build.0 = Release|x86
		{64BB1208-6DA0-4D96-B7E9-26C533B070D9}.Release|x86.ActiveCfg = Release|x86
		{64BB1208-6DA0-4D96-B7E9-26C533B070D9}.Release|x86.Build.0 = Release|x86
		{920497D9-946A-4F1C-A8B8-8178E9F277B2}.Debug|Any CPU.ActiveCfg = Debug|x86
		{920497D9-946A-4F1C-A8B8-8178E9F277B2}.Debug|Mixed Platforms.ActiveCfg = Debug|x86
		{920497D9-946A-4F1C-A8B8-8178E9F277B2}.Debug|Mixed Platforms.Build.0 = Debug|x86
		{920497D9-946A-4F1C-A8B8-8178E9F277B2}.Debug|x86.ActiveCfg = Debug|x86
		{920497D9-946A-4F1C-A8B8-8178E9F277B2}.Debug|x86.Build.0 = Debug|x86
		{920497D9-946A-4F1C-A8B8-8178E9F277B2}.Release|Any CPU.ActiveCfg = Release|x86
		{920497D9-946A-4F1C-A8B8-8178E9F277B2}.Release|Mixed Platforms.ActiveCfg = Release|x86
		{920497D9-946A-4F1C-A8B8-8178E9F277B2}.Release|Mixed Platforms.Build.0 = Release|x86
		{920497D9-946A-4F1C-A8B8-8178E9F277B2}.Release|x86.ActiveCfg = Release|x86
		{920497D9-946A-4F1C-A8B8-8178E9F277B2}.Release|x86.Build.0 = Release|x86
		{043556C1-182E-499B-89CC-3C62F4343D4A}.Debug|Any CPU.ActiveCfg = Debug|x86
		{043556C1-182E-499B-89CC-3C62F4343D4A}.Debug|Mixed Platforms.ActiveCfg = Debug|x86
		{043556C1-182E-499B-89CC-3C62F4343D4A}.Debug|Mixed Platforms.Build.0 = Debug|x86
		{043556C1-182E-499B-89CC-3C62F4343D4A}.Debug|x86.ActiveCfg = Debug|x86
		{043556C1-182E-499B-89CC-3C62F4343D4A}.Debug|x86.Build.0 = Debug|x86
		{043556C1-182E-499B-89CC-3C62F4343D4A}.Release|Any CPU.ActiveCfg = Release|x86
		{043556C1-182E-499B-89CC-3C62F4343D4A}.Release|Mixed Platforms.ActiveCfg = Release|x86
		{043556C1-182E-499B-89CC-3C62F4343D4A}.Release|Mixed Platforms.Build.0 = Release|x86
		{043556C1-182E-499B-89CC-3C62F4343D4A}.Release|x86.ActiveCfg = Release|x86
		{043556C1-182E-499B-89CC-3C62F4343D4A}.Release|x86.Build.0 = Release|x86
		{1EA36866-FFA0-499D-913B-0C8FE8E5574B}.Debug|Any CPU.ActiveCfg = Debug|x86
		{1EA36866-FFA0-499D-913B-0C8FE8E5574B}.Debug|Mixed Platforms.ActiveCfg = Debug|x86
		{1EA36866-FFA0-499D-913B-0C8FE8E5574B}.Debug|Mixed Platforms.Build.0 = Debug|x86
		{1EA36866-FFA0-499D-913B-0C8FE8E5574B}.Debug|x86.ActiveCfg = Debug|x86
		{1EA36866-FFA0-499D-913B-0C8FE8E5574B}.Debug|x86.Build.0 = Debug|x86
		{1EA36866-FFA0-499D-913B-0C8FE8E5574B}.Release|Any CPU.ActiveCfg = Release|x86
		{1EA36866-FFA0-499D-913B-0C8FE8E5574B}.Release|Mixed Platforms.ActiveCfg = Release|x86
		{1EA36866-FFA0-499D-913B-0C8FE8E5574B}.Release|Mixed Platforms.Build.0 = Release|x86
		{1EA36866-FFA0-499D-913B-0C8FE8E5574B}.Release|x86.ActiveCfg = Release|x86
		{1EA36866-FFA0-499D-913B-0C8FE8E5574B}.Release|x86.Build.0 = Release|x86
		{7CBB51F5-1B0E-46BE-A185-DFE67D987B02}.Debug|Any CPU.ActiveCfg = Debug|x86
		{7CBB51F5-1B0E-46BE-A185-DFE67D987B02}.Debug|Mixed Platforms.ActiveCfg = Debug|x86
		{7CBB51F5-1B0E-46BE-A185-DFE67D987B02}.Debug|Mixed Platforms.Build.0 = Debug|x86
		{7CBB51F5-1B0E-46BE-A185-DFE67D987B02}.Debug|x86.ActiveCfg = Debug|x86
		{7CBB51F5-1B0E-46BE-A185-DFE67D987B02}.Debug|x86.Build.0 = Debug|x86
		{7CBB51F5-1B0E-46BE-A185-DFE67D987B02}.Release|Any CPU.ActiveCfg = Release|x86
		{7CBB51F5-1B0E-46BE-A185-DFE67D987B02}.Release|Mixed Platforms.ActiveCfg = Release|x86
		{7CBB51F5-1B0E-46BE-A185-DFE67D987B02}.Release|Mixed Platforms.Build.0 = Release|x86
		{7CBB51F5-1B0E-46BE-A185-DFE67D987B02}.Release|x86.ActiveCfg = Release|x86
		{7CBB51F5-1B0E-46BE-A185-DFE67D987B02}.Release|x86.Build.0 = Release|x86
		{7F7B3F50-1B04-4973-A261-948AEF925336}.Debug|Any CPU.ActiveCfg = Debug|Any CPU
		{7F7B3F50-1B04-4973-A261-948AEF925336}.Debug|Any CPU.Build.0 = Debug|Any CPU
		{7F7B3F50-1B04-4973-A261-948AEF925336}.Debug|Mixed Platforms.ActiveCfg = Debug|Any CPU
		{7F7B3F50-1B04-4973-A261-948AEF925336}.Debug|Mixed Platforms.Build.0 = Debug|Any CPU
		{7F7B3F50-1B04-4973-A261-948AEF925336}.Debug|x86.ActiveCfg = Debug|Any CPU
		{7F7B3F50-1B04-4973-A261-948AEF925336}.Debug|x86.Build.0 = Debug|Any CPU
		{7F7B3F50-1B04-4973-A261-948AEF925336}.Release|Any CPU.ActiveCfg = Release|Any CPU
		{7F7B3F50-1B04-4973-A261-948AEF925336}.Release|Any CPU.Build.0 = Release|Any CPU
		{7F7B3F50-1B04-4973-A261-948AEF925336}.Release|Mixed Platforms.ActiveCfg = Release|Any CPU
		{7F7B3F50-1B04-4973-A261-948AEF925336}.Release|Mixed Platforms.Build.0 = Release|Any CPU
		{7F7B3F50-1B04-4973-A261-948AEF925336}.Release|x86.ActiveCfg = Release|Any CPU
		{7F7B3F50-1B04-4973-A261-948AEF925336}.Release|x86.Build.0 = Release|Any CPU
		{C2CA362F-15F8-4724-96DF-4EC37569F58C}.Debug|Any CPU.ActiveCfg = Debug|Any CPU
		{C2CA362F-15F8-4724-96DF-4EC37569F58C}.Debug|Any CPU.Build.0 = Debug|Any CPU
		{C2CA362F-15F8-4724-96DF-4EC37569F58C}.Debug|Mixed Platforms.ActiveCfg = Debug|Any CPU
		{C2CA362F-15F8-4724-96DF-4EC37569F58C}.Debug|Mixed Platforms.Build.0 = Debug|Any CPU
		{C2CA362F-15F8-4724-96DF-4EC37569F58C}.Debug|x86.ActiveCfg = Debug|Any CPU
		{C2CA362F-15F8-4724-96DF-4EC37569F58C}.Debug|x86.Build.0 = Debug|Any CPU
		{C2CA362F-15F8-4724-96DF-4EC37569F58C}.Release|Any CPU.ActiveCfg = Release|Any CPU
		{C2CA362F-15F8-4724-96DF-4EC37569F58C}.Release|Any CPU.Build.0 = Release|Any CPU
		{C2CA362F-15F8-4724-96DF-4EC37569F58C}.Release|Mixed Platforms.ActiveCfg = Release|Any CPU
		{C2CA362F-15F8-4724-96DF-4EC37569F58C}.Release|Mixed Platforms.Build.0 = Release|Any CPU
		{C2CA362F-15F8-4724-96DF-4EC37569F58C}.Release|x86.ActiveCfg = Release|Any CPU
		{C2CA362F-15F8-4724-96DF-4EC37569F58C}.Release|x86.Build.0 = Release|Any CPU
		{97868FE4-CCDF-4BC0-BAA5-97C42A3FFC14}.Debug|Any CPU.ActiveCfg = Debug|Any CPU
		{97868FE4-CCDF-4BC0-BAA5-97C42A3FFC14}.Debug|Any CPU.Build.0 = Debug|Any CPU
		{97868FE4-CCDF-4BC0-BAA5-97C42A3FFC14}.Debug|Mixed Platforms.ActiveCfg = Debug|Any CPU
		{97868FE4-CCDF-4BC0-BAA5-97C42A3FFC14}.Debug|Mixed Platforms.Build.0 = Debug|Any CPU
		{97868FE4-CCDF-4BC0-BAA5-97C42A3FFC14}.Debug|x86.ActiveCfg = Debug|Any CPU
		{97868FE4-CCDF-4BC0-BAA5-97C42A3FFC14}.Debug|x86.Build.0 = Debug|Any CPU
		{97868FE4-CCDF-4BC0-BAA5-97C42A3FFC14}.Release|Any CPU.ActiveCfg = Release|Any CPU
		{97868FE4-CCDF-4BC0-BAA5-97C42A3FFC14}.Release|Any CPU.Build.0 = Release|Any CPU
		{97868FE4-CCDF-4BC0-BAA5-97C42A3FFC14}.Release|Mixed Platforms.ActiveCfg = Release|Any CPU
		{97868FE4-CCDF-4BC0-BAA5-97C42A3FFC14}.Release|Mixed Platforms.Build.0 = Release|Any CPU
		{97868FE4-CCDF-4BC0-BAA5-97C42A3FFC14}.Release|x86.ActiveCfg = Release|Any CPU
		{97868FE4-CCDF-4BC0-BAA5-97C42A3FFC14}.Release|x86.Build.0 = Release|Any CPU
		{2E422C41-414C-4C68-A2E6-619C22F742E8}.Debug|Any CPU.ActiveCfg = Debug|Any CPU
		{2E422C41-414C-4C68-A2E6-619C22F742E8}.Debug|Any CPU.Build.0 = Debug|Any CPU
		{2E422C41-414C-4C68-A2E6-619C22F742E8}.Debug|Mixed Platforms.ActiveCfg = Debug|Any CPU
		{2E422C41-414C-4C68-A2E6-619C22F742E8}.Debug|Mixed Platforms.Build.0 = Debug|Any CPU
		{2E422C41-414C-4C68-A2E6-619C22F742E8}.Debug|x86.ActiveCfg = Debug|Any CPU
		{2E422C41-414C-4C68-A2E6-619C22F742E8}.Debug|x86.Build.0 = Debug|Any CPU
		{2E422C41-414C-4C68-A2E6-619C22F742E8}.Release|Any CPU.ActiveCfg = Release|Any CPU
		{2E422C41-414C-4C68-A2E6-619C22F742E8}.Release|Any CPU.Build.0 = Release|Any CPU
		{2E422C41-414C-4C68-A2E6-619C22F742E8}.Release|Mixed Platforms.ActiveCfg = Release|Any CPU
		{2E422C41-414C-4C68-A2E6-619C22F742E8}.Release|Mixed Platforms.Build.0 = Release|Any CPU
		{2E422C41-414C-4C68-A2E6-619C22F742E8}.Release|x86.ActiveCfg = Release|Any CPU
		{2E422C41-414C-4C68-A2E6-619C22F742E8}.Release|x86.Build.0 = Release|Any CPU
		{D2473C8D-83EB-41AB-84BB-231AB4D05720}.Debug|Any CPU.ActiveCfg = Debug|Any CPU
		{D2473C8D-83EB-41AB-84BB-231AB4D05720}.Debug|Any CPU.Build.0 = Debug|Any CPU
		{D2473C8D-83EB-41AB-84BB-231AB4D05720}.Debug|Mixed Platforms.ActiveCfg = Debug|Any CPU
		{D2473C8D-83EB-41AB-84BB-231AB4D05720}.Debug|Mixed Platforms.Build.0 = Debug|Any CPU
		{D2473C8D-83EB-41AB-84BB-231AB4D05720}.Debug|x86.ActiveCfg = Debug|Any CPU
		{D2473C8D-83EB-41AB-84BB-231AB4D05720}.Debug|x86.Build.0 = Debug|Any CPU
		{D2473C8D-83EB-41AB-84BB-231AB4D05720}.Release|Any CPU.ActiveCfg = Release|Any CPU
		{D2473C8D-83EB-41AB-84BB-231AB4D05720}.Release|Any CPU.Build.0 = Release|Any CPU
		{D2473C8D-83EB-41AB-84BB-231AB4D05720}.Release|Mixed Platforms.ActiveCfg = Release|Any CPU
		{D2473C8D-83EB-41AB-84BB-231AB4D05720}.Release|Mixed Platforms.Build.0 = Release|Any CPU
		{D2473C8D-83EB-41AB-84BB-231AB4D05720}.Release|x86.ActiveCfg = Release|Any CPU
		{D2473C8D-83EB-41AB-84BB-231AB4D05720}.Release|x86.Build.0 = Release|Any CPU
		{8BB68CDC-FFBF-44FE-AE7D-2FBAC794B448}.Debug|Any CPU.ActiveCfg = Debug|Any CPU
		{8BB68CDC-FFBF-44FE-AE7D-2FBAC794B448}.Debug|Any CPU.Build.0 = Debug|Any CPU
		{8BB68CDC-FFBF-44FE-AE7D-2FBAC794B448}.Debug|Mixed Platforms.ActiveCfg = Debug|Any CPU
		{8BB68CDC-FFBF-44FE-AE7D-2FBAC794B448}.Debug|Mixed Platforms.Build.0 = Debug|Any CPU
		{8BB68CDC-FFBF-44FE-AE7D-2FBAC794B448}.Debug|x86.ActiveCfg = Debug|Any CPU
		{8BB68CDC-FFBF-44FE-AE7D-2FBAC794B448}.Debug|x86.Build.0 = Debug|Any CPU
		{8BB68CDC-FFBF-44FE-AE7D-2FBAC794B448}.Release|Any CPU.ActiveCfg = Release|Any CPU
		{8BB68CDC-FFBF-44FE-AE7D-2FBAC794B448}.Release|Any CPU.Build.0 = Release|Any CPU
		{8BB68CDC-FFBF-44FE-AE7D-2FBAC794B448}.Release|Mixed Platforms.ActiveCfg = Release|Any CPU
		{8BB68CDC-FFBF-44FE-AE7D-2FBAC794B448}.Release|Mixed Platforms.Build.0 = Release|Any CPU
		{8BB68CDC-FFBF-44FE-AE7D-2FBAC794B448}.Release|x86.ActiveCfg = Release|Any CPU
		{8BB68CDC-FFBF-44FE-AE7D-2FBAC794B448}.Release|x86.Build.0 = Release|Any CPU
		{22015734-C07F-4046-8AC8-B914C06EF0AE}.Debug|Any CPU.ActiveCfg = Debug|Any CPU
		{22015734-C07F-4046-8AC8-B914C06EF0AE}.Debug|Any CPU.Build.0 = Debug|Any CPU
		{22015734-C07F-4046-8AC8-B914C06EF0AE}.Debug|Mixed Platforms.ActiveCfg = Debug|Any CPU
		{22015734-C07F-4046-8AC8-B914C06EF0AE}.Debug|Mixed Platforms.Build.0 = Debug|Any CPU
		{22015734-C07F-4046-8AC8-B914C06EF0AE}.Debug|x86.ActiveCfg = Debug|Any CPU
		{22015734-C07F-4046-8AC8-B914C06EF0AE}.Debug|x86.Build.0 = Debug|Any CPU
		{22015734-C07F-4046-8AC8-B914C06EF0AE}.Release|Any CPU.ActiveCfg = Release|Any CPU
		{22015734-C07F-4046-8AC8-B914C06EF0AE}.Release|Any CPU.Build.0 = Release|Any CPU
		{22015734-C07F-4046-8AC8-B914C06EF0AE}.Release|Mixed Platforms.ActiveCfg = Release|Any CPU
		{22015734-C07F-4046-8AC8-B914C06EF0AE}.Release|Mixed Platforms.Build.0 = Release|Any CPU
		{22015734-C07F-4046-8AC8-B914C06EF0AE}.Release|x86.ActiveCfg = Release|Any CPU
		{22015734-C07F-4046-8AC8-B914C06EF0AE}.Release|x86.Build.0 = Release|Any CPU
		{0281F94E-6269-434C-B7C2-3CA5A0975E88}.Debug|Any CPU.ActiveCfg = Debug|Any CPU
		{0281F94E-6269-434C-B7C2-3CA5A0975E88}.Debug|Any CPU.Build.0 = Debug|Any CPU
		{0281F94E-6269-434C-B7C2-3CA5A0975E88}.Debug|Mixed Platforms.ActiveCfg = Debug|Any CPU
		{0281F94E-6269-434C-B7C2-3CA5A0975E88}.Debug|Mixed Platforms.Build.0 = Debug|Any CPU
		{0281F94E-6269-434C-B7C2-3CA5A0975E88}.Debug|x86.ActiveCfg = Debug|Any CPU
		{0281F94E-6269-434C-B7C2-3CA5A0975E88}.Debug|x86.Build.0 = Debug|Any CPU
		{0281F94E-6269-434C-B7C2-3CA5A0975E88}.Release|Any CPU.ActiveCfg = Release|Any CPU
		{0281F94E-6269-434C-B7C2-3CA5A0975E88}.Release|Any CPU.Build.0 = Release|Any CPU
		{0281F94E-6269-434C-B7C2-3CA5A0975E88}.Release|Mixed Platforms.ActiveCfg = Release|Any CPU
		{0281F94E-6269-434C-B7C2-3CA5A0975E88}.Release|Mixed Platforms.Build.0 = Release|Any CPU
		{0281F94E-6269-434C-B7C2-3CA5A0975E88}.Release|x86.ActiveCfg = Release|Any CPU
		{0281F94E-6269-434C-B7C2-3CA5A0975E88}.Release|x86.Build.0 = Release|Any CPU
		{18E2C1B8-F0D2-4772-A6D8-7AE8AD242D31}.Debug|Any CPU.ActiveCfg = Debug|Any CPU
		{18E2C1B8-F0D2-4772-A6D8-7AE8AD242D31}.Debug|Any CPU.Build.0 = Debug|Any CPU
		{18E2C1B8-F0D2-4772-A6D8-7AE8AD242D31}.Debug|Mixed Platforms.ActiveCfg = Debug|Any CPU
		{18E2C1B8-F0D2-4772-A6D8-7AE8AD242D31}.Debug|Mixed Platforms.Build.0 = Debug|Any CPU
		{18E2C1B8-F0D2-4772-A6D8-7AE8AD242D31}.Debug|x86.ActiveCfg = Debug|Any CPU
		{18E2C1B8-F0D2-4772-A6D8-7AE8AD242D31}.Debug|x86.Build.0 = Debug|Any CPU
		{18E2C1B8-F0D2-4772-A6D8-7AE8AD242D31}.Release|Any CPU.ActiveCfg = Release|Any CPU
		{18E2C1B8-F0D2-4772-A6D8-7AE8AD242D31}.Release|Any CPU.Build.0 = Release|Any CPU
		{18E2C1B8-F0D2-4772-A6D8-7AE8AD242D31}.Release|Mixed Platforms.ActiveCfg = Release|Any CPU
		{18E2C1B8-F0D2-4772-A6D8-7AE8AD242D31}.Release|Mixed Platforms.Build.0 = Release|Any CPU
		{18E2C1B8-F0D2-4772-A6D8-7AE8AD242D31}.Release|x86.ActiveCfg = Release|Any CPU
		{18E2C1B8-F0D2-4772-A6D8-7AE8AD242D31}.Release|x86.Build.0 = Release|Any CPU
	EndGlobalSection
	GlobalSection(SolutionProperties) = preSolution
		HideSolutionNode = FALSE
	EndGlobalSection
EndGlobal
